
Microsoft Visual Studio Solution File, Format Version 12.00
# Visual Studio Version 17
VisualStudioVersion = 17.3.32901.215
MinimumVisualStudioVersion = 10.0.40219.1
Project("{FAE04EC0-301F-11D3-BF4B-00C04F79EFBC}") = "HelloWorld", "HelloWorld\HelloWorld.csproj", "{31FEC54A-E726-402D-B0F2-5A44E42AF888}"
EndProject
Global
	GlobalSection(SolutionConfigurationPlatforms) = preSolution
		Debug|Any CPU = Debug|Any CPU
		Release|Any CPU = Release|Any CPU
	EndGlobalSection
	GlobalSection(ProjectConfigurationPlatforms) = postSolution
		{31FEC54A-E726-402D-B0F2-5A44E42AF888}.Debug|Any CPU.ActiveCfg = Debug|Any CPU
		{31FEC54A-E726-402D-B0F2-5A44E42AF888}.Debug|Any CPU.Build.0 = Debug|Any CPU
		{31FEC54A-E726-402D-B0F2-5A44E42AF888}.Release|Any CPU.ActiveCfg = Release|Any CPU
		{31FEC54A-E726-402D-B0F2-5A44E42AF888}.Release|Any CPU.Build.0 = Release|Any CPU
	EndGlobalSection
	GlobalSection(SolutionProperties) = preSolution
		HideSolutionNode = FALSE
	EndGlobalSection
	GlobalSection(ExtensibilityGlobals) = postSolution
		SolutionGuid = {85128AC1-C2BB-422F-946F-6B2F6675DF3F}
	EndGlobalSection
EndGlobal
